
Microsoft Visual Studio Solution File, Format Version 12.00
# Visual Studio Version 16
VisualStudioVersion = 16.0.29102.190
MinimumVisualStudioVersion = 10.0.40219.1
Project("{FAE04EC0-301F-11D3-BF4B-00C04F79EFBC}") = "SOAPTRAB1SERGIOJONATHANTURMA34", "..\SOAPTRAB1SERGIOJONATHANTURMA34\SOAPTRAB1SERGIOJONATHANTURMA34.csproj", "{587D939F-9F15-495A-B2C5-D2F5C3490804}"
EndProject
Global
	GlobalSection(SolutionConfigurationPlatforms) = preSolution
		Debug|Any CPU = Debug|Any CPU
		Release|Any CPU = Release|Any CPU
	EndGlobalSection
	GlobalSection(ProjectConfigurationPlatforms) = postSolution
		{587D939F-9F15-495A-B2C5-D2F5C3490804}.Debug|Any CPU.ActiveCfg = Debug|Any CPU
		{587D939F-9F15-495A-B2C5-D2F5C3490804}.Debug|Any CPU.Build.0 = Debug|Any CPU
		{587D939F-9F15-495A-B2C5-D2F5C3490804}.Release|Any CPU.ActiveCfg = Release|Any CPU
		{587D939F-9F15-495A-B2C5-D2F5C3490804}.Release|Any CPU.Build.0 = Release|Any CPU
	EndGlobalSection
	GlobalSection(SolutionProperties) = preSolution
		HideSolutionNode = FALSE
	EndGlobalSection
	GlobalSection(ExtensibilityGlobals) = postSolution
		SolutionGuid = {C76F013B-B874-4CEE-95E5-65F64F8479B0}
	EndGlobalSection
EndGlobal
